
Microsoft Visual Studio Solution File, Format Version 12.00
# Visual Studio Version 16
VisualStudioVersion = 16.0.30611.23
MinimumVisualStudioVersion = 10.0.40219.1
Project("{FAE04EC0-301F-11D3-BF4B-00C04F79EFBC}") = "DemoGoogleSpeechs", "DemoGoogleSpeechs\DemoGoogleSpeechs.csproj", "{8B67AF6F-1499-4E63-8557-F7D8D0ADFEED}"
EndProject
Global
	GlobalSection(SolutionConfigurationPlatforms) = preSolution
		Debug|Any CPU = Debug|Any CPU
		Release|Any CPU = Release|Any CPU
	EndGlobalSection
	GlobalSection(ProjectConfigurationPlatforms) = postSolution
		{8B67AF6F-1499-4E63-8557-F7D8D0ADFEED}.Debug|Any CPU.ActiveCfg = Debug|Any CPU
		{8B67AF6F-1499-4E63-8557-F7D8D0ADFEED}.Debug|Any CPU.Build.0 = Debug|Any CPU
		{8B67AF6F-1499-4E63-8557-F7D8D0ADFEED}.Release|Any CPU.ActiveCfg = Release|Any CPU
		{8B67AF6F-1499-4E63-8557-F7D8D0ADFEED}.Release|Any CPU.Build.0 = Release|Any CPU
	EndGlobalSection
	GlobalSection(SolutionProperties) = preSolution
		HideSolutionNode = FALSE
	EndGlobalSection
	GlobalSection(ExtensibilityGlobals) = postSolution
		SolutionGuid = {CE70A8DE-D3F1-4636-A00D-0DDC9C50F31A}
	EndGlobalSection
EndGlobal
